{
  "originHash" : "5d5a6fcf63f9ca094c24fbe84c948b9dd4403adf50e1cd46835046ac2743aa5c",
  "pins" : [
    {
      "identity" : "action",
      "kind" : "remoteSourceControl",
      "location" : "https://github.com/RxSwiftCommunity/Action.git",
      "state" : {
        "revision" : "55f5da064fd66cb09acde22cbbb744fe7f6355aa",
        "version" : "5.0.0"
      }
    },
    {
      "identity" : "rxswift",
      "kind" : "remoteSourceControl",
      "location" : "https://github.com/ReactiveX/RxSwift.git",
      "state" : {
        "revision" : "132aea4f236ccadc51590b38af0357a331d51fa2",
        "version" : "6.10.2"
      }
    },
    {
      "identity" : "xcoordinator",
      "kind" : "remoteSourceControl",
      "location" : "https://github.com/quickbirdstudios/XCoordinator.git",
      "state" : {
        "revision" : "00b066139ed0bf2f68549a7d87434ed36dfa6dea",
        "version" : "2.2.1"
      }
    }
  ],
  "version" : 3
}
